
Microsoft Visual Studio Solution File, Format Version 12.00
# Visual Studio Version 17
VisualStudioVersion = 17.3.32825.248
MinimumVisualStudioVersion = 10.0.40219.1
Project("{FAE04EC0-301F-11D3-BF4B-00C04F79EFBC}") = "cvs", "cvs\cvs.csproj", "{C6B0C033-13A5-4B10-A637-CCC9E7D6A340}"
EndProject
Global
	GlobalSection(SolutionConfigurationPlatforms) = preSolution
		Debug|Any CPU = Debug|Any CPU
		Release|Any CPU = Release|Any CPU
	EndGlobalSection
	GlobalSection(ProjectConfigurationPlatforms) = postSolution
		{C6B0C033-13A5-4B10-A637-CCC9E7D6A340}.Debug|Any CPU.ActiveCfg = Debug|Any CPU
		{C6B0C033-13A5-4B10-A637-CCC9E7D6A340}.Debug|Any CPU.Build.0 = Debug|Any CPU
		{C6B0C033-13A5-4B10-A637-CCC9E7D6A340}.Release|Any CPU.ActiveCfg = Release|Any CPU
		{C6B0C033-13A5-4B10-A637-CCC9E7D6A340}.Release|Any CPU.Build.0 = Release|Any CPU
	EndGlobalSection
	GlobalSection(SolutionProperties) = preSolution
		HideSolutionNode = FALSE
	EndGlobalSection
	GlobalSection(ExtensibilityGlobals) = postSolution
		SolutionGuid = {D16C5A76-3699-40B8-9E72-9EE3EB2F6479}
	EndGlobalSection
EndGlobal
